
Microsoft Visual Studio Solution File, Format Version 12.00
# Visual Studio 2017
Project("{FAE04EC0-301F-11D3-BF4B-00C04F79EFBC}") = "Double Jumper Game Tutorial", "Double Jumper Game Tutorial.csproj", "{81EC419D-EF9E-A4A9-FD4A-31E263D6FE97}"
EndProject
Global
	GlobalSection(SolutionConfigurationPlatforms) = preSolution
		Debug|Any CPU = Debug|Any CPU
		Release|Any CPU = Release|Any CPU
	EndGlobalSection
	GlobalSection(ProjectConfigurationPlatforms) = postSolution
		{81EC419D-EF9E-A4A9-FD4A-31E263D6FE97}.Debug|Any CPU.ActiveCfg = Debug|Any CPU
		{81EC419D-EF9E-A4A9-FD4A-31E263D6FE97}.Debug|Any CPU.Build.0 = Debug|Any CPU
		{81EC419D-EF9E-A4A9-FD4A-31E263D6FE97}.Release|Any CPU.ActiveCfg = Release|Any CPU
		{81EC419D-EF9E-A4A9-FD4A-31E263D6FE97}.Release|Any CPU.Build.0 = Release|Any CPU
	EndGlobalSection
	GlobalSection(SolutionProperties) = preSolution
		HideSolutionNode = FALSE
	EndGlobalSection
EndGlobal
